
Microsoft Visual Studio Solution File, Format Version 12.00
# Visual Studio Version 16
VisualStudioVersion = 25.0.1706.10
MinimumVisualStudioVersion = 10.0.40219.1
Project("{FAE04EC0-301F-11D3-BF4B-00C04F79EFBC}") = "QueenslandTalent", "QueenslandTalent\QueenslandTalent.csproj", "{77628AEF-7FEE-4C2B-9C78-B1B69A6BC83C}"
EndProject
Global
	GlobalSection(SolutionConfigurationPlatforms) = preSolution
		Debug|Any CPU = Debug|Any CPU
		Release|Any CPU = Release|Any CPU
	EndGlobalSection
	GlobalSection(ProjectConfigurationPlatforms) = postSolution
		{77628AEF-7FEE-4C2B-9C78-B1B69A6BC83C}.Debug|Any CPU.ActiveCfg = Debug|Any CPU
		{77628AEF-7FEE-4C2B-9C78-B1B69A6BC83C}.Debug|Any CPU.Build.0 = Debug|Any CPU
		{77628AEF-7FEE-4C2B-9C78-B1B69A6BC83C}.Release|Any CPU.ActiveCfg = Release|Any CPU
		{77628AEF-7FEE-4C2B-9C78-B1B69A6BC83C}.Release|Any CPU.Build.0 = Release|Any CPU
	EndGlobalSection
	GlobalSection(SolutionProperties) = preSolution
		HideSolutionNode = FALSE
	EndGlobalSection
	GlobalSection(ExtensibilityGlobals) = postSolution
		SolutionGuid = {EA6D7D1C-2FC5-4C50-B0DC-8340C4E495A1}
	EndGlobalSection
EndGlobal
